
Microsoft Visual Studio Solution File, Format Version 12.00
# Visual Studio Version 16
VisualStudioVersion = 16.0.29920.165
MinimumVisualStudioVersion = 10.0.40219.1
Project("{9A19103F-16F7-4668-BE54-9A1E7A4F7556}") = "Advantage.API", "Advantage.API.csproj", "{0E346A32-2F84-442F-9FBC-17C6404DE93C}"
EndProject
Global
	GlobalSection(SolutionConfigurationPlatforms) = preSolution
		Debug|Any CPU = Debug|Any CPU
		Release|Any CPU = Release|Any CPU
	EndGlobalSection
	GlobalSection(ProjectConfigurationPlatforms) = postSolution
		{0E346A32-2F84-442F-9FBC-17C6404DE93C}.Debug|Any CPU.ActiveCfg = Debug|Any CPU
		{0E346A32-2F84-442F-9FBC-17C6404DE93C}.Debug|Any CPU.Build.0 = Debug|Any CPU
		{0E346A32-2F84-442F-9FBC-17C6404DE93C}.Release|Any CPU.ActiveCfg = Release|Any CPU
		{0E346A32-2F84-442F-9FBC-17C6404DE93C}.Release|Any CPU.Build.0 = Release|Any CPU
	EndGlobalSection
	GlobalSection(SolutionProperties) = preSolution
		HideSolutionNode = FALSE
	EndGlobalSection
	GlobalSection(ExtensibilityGlobals) = postSolution
		SolutionGuid = {57193464-9D65-49D6-9A0F-6A3CBC2D2017}
	EndGlobalSection
EndGlobal
